
Microsoft Visual Studio Solution File, Format Version 12.00
# Visual Studio Version 16
VisualStudioVersion = 16.0.810.18
MinimumVisualStudioVersion = 10.0.40219.1
Project("{FAE04EC0-301F-11D3-BF4B-00C04F79EFBC}") = "Bookstore", "Bookstore\Bookstore.csproj", "{94E712E5-0AA5-4F06-A2E3-85FCB67E7D04}"
EndProject
Global
	GlobalSection(SolutionConfigurationPlatforms) = preSolution
		Debug|Any CPU = Debug|Any CPU
		Release|Any CPU = Release|Any CPU
	EndGlobalSection
	GlobalSection(ProjectConfigurationPlatforms) = postSolution
		{94E712E5-0AA5-4F06-A2E3-85FCB67E7D04}.Debug|Any CPU.ActiveCfg = Debug|Any CPU
		{94E712E5-0AA5-4F06-A2E3-85FCB67E7D04}.Debug|Any CPU.Build.0 = Debug|Any CPU
		{94E712E5-0AA5-4F06-A2E3-85FCB67E7D04}.Release|Any CPU.ActiveCfg = Release|Any CPU
		{94E712E5-0AA5-4F06-A2E3-85FCB67E7D04}.Release|Any CPU.Build.0 = Release|Any CPU
	EndGlobalSection
	GlobalSection(SolutionProperties) = preSolution
		HideSolutionNode = FALSE
	EndGlobalSection
	GlobalSection(ExtensibilityGlobals) = postSolution
		SolutionGuid = {525C62D4-F7CD-493C-9A3D-8ED8DD33BC8C}
	EndGlobalSection
EndGlobal
